
Microsoft Visual Studio Solution File, Format Version 11.00
# Visual C# Express 2010
Project("{FAE04EC0-301F-11D3-BF4B-00C04F79EFBC}") = "checkTimeOnInterrupt", "checkTimeOnInterrupt\checkTimeOnInterrupt.csproj", "{9FB0E31A-B796-41CD-982F-A40A40C0695A}"
EndProject
Project("{FAE04EC0-301F-11D3-BF4B-00C04F79EFBC}") = "LoveElectronics.Resources", "..\..\..\..\..\..\..\marenco\netduinoLibraries\LoveElectronics.Resources\LoveElectronics.Resources.csproj", "{151953B3-0E58-4E76-93E3-BE2381404D37}"
EndProject
Global
	GlobalSection(SolutionConfigurationPlatforms) = preSolution
		Debug|Any CPU = Debug|Any CPU
		Release|Any CPU = Release|Any CPU
	EndGlobalSection
	GlobalSection(ProjectConfigurationPlatforms) = postSolution
		{9FB0E31A-B796-41CD-982F-A40A40C0695A}.Debug|Any CPU.ActiveCfg = Debug|Any CPU
		{9FB0E31A-B796-41CD-982F-A40A40C0695A}.Debug|Any CPU.Build.0 = Debug|Any CPU
		{9FB0E31A-B796-41CD-982F-A40A40C0695A}.Debug|Any CPU.Deploy.0 = Debug|Any CPU
		{9FB0E31A-B796-41CD-982F-A40A40C0695A}.Release|Any CPU.ActiveCfg = Release|Any CPU
		{9FB0E31A-B796-41CD-982F-A40A40C0695A}.Release|Any CPU.Build.0 = Release|Any CPU
		{9FB0E31A-B796-41CD-982F-A40A40C0695A}.Release|Any CPU.Deploy.0 = Release|Any CPU
		{151953B3-0E58-4E76-93E3-BE2381404D37}.Debug|Any CPU.ActiveCfg = Debug|Any CPU
		{151953B3-0E58-4E76-93E3-BE2381404D37}.Debug|Any CPU.Build.0 = Debug|Any CPU
		{151953B3-0E58-4E76-93E3-BE2381404D37}.Release|Any CPU.ActiveCfg = Release|Any CPU
		{151953B3-0E58-4E76-93E3-BE2381404D37}.Release|Any CPU.Build.0 = Release|Any CPU
	EndGlobalSection
	GlobalSection(SolutionProperties) = preSolution
		HideSolutionNode = FALSE
	EndGlobalSection
EndGlobal
